// !$*UTF8*$!
{
	archiveVersion = 1;
	classes = {
	};
	objectVersion = 56;
	objects = {

/* Begin PBXBuildFile section */
		7E1B32362BCED012004E2CF7 /* AppDelegate.swift in Sources */ = {isa = PBXBuildFile; fileRef = 7E1B32352BCED012004E2CF7 /* AppDelegate.swift */; };
		7E1B32382BCED012004E2CF7 /* GameScene.sks in Resources */ = {isa = PBXBuildFile; fileRef = 7E1B32372BCED012004E2CF7 /* GameScene.sks */; };
		7E1B323A2BCED012004E2CF7 /* Actions.sks in Resources */ = {isa = PBXBuildFile; fileRef = 7E1B32392BCED012004E2CF7 /* Actions.sks */; };
		7E1B323C2BCED012004E2CF7 /* GameScene.swift in Sources */ = {isa = PBXBuildFile; fileRef = 7E1B323B2BCED012004E2CF7 /* GameScene.swift */; };
		7E1B323E2BCED012004E2CF7 /* GameViewController.swift in Sources */ = {isa = PBXBuildFile; fileRef = 7E1B323D2BCED012004E2CF7 /* GameViewController.swift */; };
		7E1B32412BCED012004E2CF7 /* Base in Resources */ = {isa = PBXBuildFile; fileRef = 7E1B32402BCED012004E2CF7 /* Base */; };
		7E1B32432BCED015004E2CF7 /* Assets.xcassets in Resources */ = {isa = PBXBuildFile; fileRef = 7E1B32422BCED015004E2CF7 /* Assets.xcassets */; };
		7E1B32462BCED015004E2CF7 /* Base in Resources */ = {isa = PBXBuildFile; fileRef = 7E1B32452BCED015004E2CF7 /* Base */; };
		7E1B32502BCED016004E2CF7 /* Crash2DBandicootTests.swift in Sources */ = {isa = PBXBuildFile; fileRef = 7E1B324F2BCED016004E2CF7 /* Crash2DBandicootTests.swift */; };
		7E1B325A2BCED016004E2CF7 /* Crash2DBandicootUITests.swift in Sources */ = {isa = PBXBuildFile; fileRef = 7E1B32592BCED016004E2CF7 /* Crash2DBandicootUITests.swift */; };
		7E1B325C2BCED016004E2CF7 /* Crash2DBandicootUITestsLaunchTests.swift in Sources */ = {isa = PBXBuildFile; fileRef = 7E1B325B2BCED016004E2CF7 /* Crash2DBandicootUITestsLaunchTests.swift */; };
		7E1B32692BD54D7F004E2CF7 /* CrashBandicoot.swift in Sources */ = {isa = PBXBuildFile; fileRef = 7E1B32682BD54D7F004E2CF7 /* CrashBandicoot.swift */; };
		7E419CD52BF0281B00C9D882 /* Level2.txt in Resources */ = {isa = PBXBuildFile; fileRef = 7E419CD42BF0281B00C9D882 /* Level2.txt */; };
		7E419CD72BF0FD3000C9D882 /* Spider.swift in Sources */ = {isa = PBXBuildFile; fileRef = 7E419CD62BF0FD3000C9D882 /* Spider.swift */; };
		7E4E04D82BEA943700C4CC47 /* RollingStone.swift in Sources */ = {isa = PBXBuildFile; fileRef = 7E4E04D72BEA943700C4CC47 /* RollingStone.swift */; };
		7E4E04DA2BEBBAC600C4CC47 /* GameElement.swift in Sources */ = {isa = PBXBuildFile; fileRef = 7E4E04D92BEBBAC600C4CC47 /* GameElement.swift */; };
		7E4E04DC2BEBC93200C4CC47 /* BitMaskCategory.swift in Sources */ = {isa = PBXBuildFile; fileRef = 7E4E04DB2BEBC93200C4CC47 /* BitMaskCategory.swift */; };
		7E4E04E22BEBD34600C4CC47 /* MyExtensions.swift in Sources */ = {isa = PBXBuildFile; fileRef = 7E4E04E12BEBD34600C4CC47 /* MyExtensions.swift */; };
		7E4E04E42BED6AF700C4CC47 /* Utils.swift in Sources */ = {isa = PBXBuildFile; fileRef = 7E4E04E32BED6AF600C4CC47 /* Utils.swift */; };
		7E4E04E72BED6C9E00C4CC47 /* Level1.txt in Resources */ = {isa = PBXBuildFile; fileRef = 7E4E04E62BED6C9E00C4CC47 /* Level1.txt */; };
		7E4E04ED2BED735900C4CC47 /* SceneElement.swift in Sources */ = {isa = PBXBuildFile; fileRef = 7E4E04EC2BED735900C4CC47 /* SceneElement.swift */; };
		7E4E04EF2BEE65BC00C4CC47 /* Level2.swift in Sources */ = {isa = PBXBuildFile; fileRef = 7E4E04EE2BEE65BC00C4CC47 /* Level2.swift */; };
		7E4E04F32BEFB3FF00C4CC47 /* Level1.swift in Sources */ = {isa = PBXBuildFile; fileRef = 7E4E04F22BEFB3FF00C4CC47 /* Level1.swift */; };
		7E4E04F72BEFB68900C4CC47 /* LevelScene.swift in Sources */ = {isa = PBXBuildFile; fileRef = 7E4E04F62BEFB68900C4CC47 /* LevelScene.swift */; };
		7E715F332BF2A4DE00E7EB99 /* ButtonNode.swift in Sources */ = {isa = PBXBuildFile; fileRef = 7E715F322BF2A4DE00E7EB99 /* ButtonNode.swift */; };
		7E715F372BF4062C00E7EB99 /* Animations.swift in Sources */ = {isa = PBXBuildFile; fileRef = 7E715F362BF4062C00E7EB99 /* Animations.swift */; };
		7E728C822C0A1DF5008384DF /* ScreenOverlay.swift in Sources */ = {isa = PBXBuildFile; fileRef = 7E728C812C0A1DF5008384DF /* ScreenOverlay.swift */; };
		7EECE1152BFF40EB00F9E7F1 /* WebShoot.mp3 in Resources */ = {isa = PBXBuildFile; fileRef = 7EECE10F2BFF40EB00F9E7F1 /* WebShoot.mp3 */; };
		7EECE1162BFF40EB00F9E7F1 /* CrashSpin.mp3 in Resources */ = {isa = PBXBuildFile; fileRef = 7EECE1102BFF40EB00F9E7F1 /* CrashSpin.mp3 */; };
		7EECE1172BFF40EB00F9E7F1 /* LevelSound.mp3 in Resources */ = {isa = PBXBuildFile; fileRef = 7EECE1112BFF40EB00F9E7F1 /* LevelSound.mp3 */; };
		7EECE1182BFF40EB00F9E7F1 /* RollStone.wav in Resources */ = {isa = PBXBuildFile; fileRef = 7EECE1122BFF40EB00F9E7F1 /* RollStone.wav */; };
		7EECE1192BFF40EB00F9E7F1 /* WalkingSound.mp3 in Resources */ = {isa = PBXBuildFile; fileRef = 7EECE1132BFF40EB00F9E7F1 /* WalkingSound.mp3 */; };
		7EECE11A2BFF40EB00F9E7F1 /* MainMenu.mp3 in Resources */ = {isa = PBXBuildFile; fileRef = 7EECE1142BFF40EB00F9E7F1 /* MainMenu.mp3 */; };
		7EEFCA762BF91BF400B3CFBE /* MainMenu.swift in Sources */ = {isa = PBXBuildFile; fileRef = 7EEFCA752BF91BF400B3CFBE /* MainMenu.swift */; };
/* End PBXBuildFile section */

/* Begin PBXContainerItemProxy section */
		7E1B324C2BCED016004E2CF7 /* PBXContainerItemProxy */ = {
			isa = PBXContainerItemProxy;
			containerPortal = 7E1B322A2BCED012004E2CF7 /* Project object */;
			proxyType = 1;
			remoteGlobalIDString = 7E1B32312BCED012004E2CF7;
			remoteInfo = Crash2DBandicoot;
		};
		7E1B32562BCED016004E2CF7 /* PBXContainerItemProxy */ = {
			isa = PBXContainerItemProxy;
			containerPortal = 7E1B322A2BCED012004E2CF7 /* Project object */;
			proxyType = 1;
			remoteGlobalIDString = 7E1B32312BCED012004E2CF7;
			remoteInfo = Crash2DBandicoot;
		};
/* End PBXContainerItemProxy section */

/* Begin PBXFileReference section */
		7E1B32322BCED012004E2CF7 /* Crash2DBandicoot.app */ = {isa = PBXFileReference; explicitFileType = wrapper.application; includeInIndex = 0; path = Crash2DBandicoot.app; sourceTree = BUILT_PRODUCTS_DIR; };
		7E1B32352BCED012004E2CF7 /* AppDelegate.swift */ = {isa = PBXFileReference; lastKnownFileType = sourcecode.swift; path = AppDelegate.swift; sourceTree = "<group>"; };
		7E1B32372BCED012004E2CF7 /* GameScene.sks */ = {isa = PBXFileReference; lastKnownFileType = file.sks; path = GameScene.sks; sourceTree = "<group>"; };
		7E1B32392BCED012004E2CF7 /* Actions.sks */ = {isa = PBXFileReference; lastKnownFileType = file.sks; path = Actions.sks; sourceTree = "<group>"; };
		7E1B323B2BCED012004E2CF7 /* GameScene.swift */ = {isa = PBXFileReference; lastKnownFileType = sourcecode.swift; path = GameScene.swift; sourceTree = "<group>"; };
		7E1B323D2BCED012004E2CF7 /* GameViewController.swift */ = {isa = PBXFileReference; lastKnownFileType = sourcecode.swift; path = GameViewController.swift; sourceTree = "<group>"; };
		7E1B32402BCED012004E2CF7 /* Base */ = {isa = PBXFileReference; lastKnownFileType = file.storyboard; name = Base; path = Base.lproj/Main.storyboard; sourceTree = "<group>"; };
		7E1B32422BCED015004E2CF7 /* Assets.xcassets */ = {isa = PBXFileReference; lastKnownFileType = folder.assetcatalog; path = Assets.xcassets; sourceTree = "<group>"; };
		7E1B32452BCED015004E2CF7 /* Base */ = {isa = PBXFileReference; lastKnownFileType = file.storyboard; name = Base; path = Base.lproj/LaunchScreen.storyboard; sourceTree = "<group>"; };
		7E1B324B2BCED016004E2CF7 /* Crash2DBandicootTests.xctest */ = {isa = PBXFileReference; explicitFileType = wrapper.cfbundle; includeInIndex = 0; path = Crash2DBandicootTests.xctest; sourceTree = BUILT_PRODUCTS_DIR; };
		7E1B324F2BCED016004E2CF7 /* Crash2DBandicootTests.swift */ = {isa = PBXFileReference; lastKnownFileType = sourcecode.swift; path = Crash2DBandicootTests.swift; sourceTree = "<group>"; };
		7E1B32552BCED016004E2CF7 /* Crash2DBandicootUITests.xctest */ = {isa = PBXFileReference; explicitFileType = wrapper.cfbundle; includeInIndex = 0; path = Crash2DBandicootUITests.xctest; sourceTree = BUILT_PRODUCTS_DIR; };
		7E1B32592BCED016004E2CF7 /* Crash2DBandicootUITests.swift */ = {isa = PBXFileReference; lastKnownFileType = sourcecode.swift; path = Crash2DBandicootUITests.swift; sourceTree = "<group>"; };
		7E1B325B2BCED016004E2CF7 /* Crash2DBandicootUITestsLaunchTests.swift */ = {isa = PBXFileReference; lastKnownFileType = sourcecode.swift; path = Crash2DBandicootUITestsLaunchTests.swift; sourceTree = "<group>"; };
		7E1B32682BD54D7F004E2CF7 /* CrashBandicoot.swift */ = {isa = PBXFileReference; lastKnownFileType = sourcecode.swift; path = CrashBandicoot.swift; sourceTree = "<group>"; };
		7E419CD42BF0281B00C9D882 /* Level2.txt */ = {isa = PBXFileReference; fileEncoding = 4; lastKnownFileType = text; path = Level2.txt; sourceTree = "<group>"; };
		7E419CD62BF0FD3000C9D882 /* Spider.swift */ = {isa = PBXFileReference; lastKnownFileType = sourcecode.swift; path = Spider.swift; sourceTree = "<group>"; };
		7E4E04D72BEA943700C4CC47 /* RollingStone.swift */ = {isa = PBXFileReference; lastKnownFileType = sourcecode.swift; path = RollingStone.swift; sourceTree = "<group>"; };
		7E4E04D92BEBBAC600C4CC47 /* GameElement.swift */ = {isa = PBXFileReference; lastKnownFileType = sourcecode.swift; path = GameElement.swift; sourceTree = "<group>"; };
		7E4E04DB2BEBC93200C4CC47 /* BitMaskCategory.swift */ = {isa = PBXFileReference; lastKnownFileType = sourcecode.swift; path = BitMaskCategory.swift; sourceTree = "<group>"; };
		7E4E04E12BEBD34600C4CC47 /* MyExtensions.swift */ = {isa = PBXFileReference; lastKnownFileType = sourcecode.swift; path = MyExtensions.swift; sourceTree = "<group>"; };
		7E4E04E32BED6AF600C4CC47 /* Utils.swift */ = {isa = PBXFileReference; lastKnownFileType = sourcecode.swift; path = Utils.swift; sourceTree = "<group>"; };
		7E4E04E62BED6C9E00C4CC47 /* Level1.txt */ = {isa = PBXFileReference; lastKnownFileType = text; path = Level1.txt; sourceTree = "<group>"; };
		7E4E04EC2BED735900C4CC47 /* SceneElement.swift */ = {isa = PBXFileReference; lastKnownFileType = sourcecode.swift; path = SceneElement.swift; sourceTree = "<group>"; };
		7E4E04EE2BEE65BC00C4CC47 /* Level2.swift */ = {isa = PBXFileReference; lastKnownFileType = sourcecode.swift; path = Level2.swift; sourceTree = "<group>"; };
		7E4E04F22BEFB3FF00C4CC47 /* Level1.swift */ = {isa = PBXFileReference; lastKnownFileType = sourcecode.swift; path = Level1.swift; sourceTree = "<group>"; };
		7E4E04F62BEFB68900C4CC47 /* LevelScene.swift */ = {isa = PBXFileReference; lastKnownFileType = sourcecode.swift; path = LevelScene.swift; sourceTree = "<group>"; };
		7E715F322BF2A4DE00E7EB99 /* ButtonNode.swift */ = {isa = PBXFileReference; lastKnownFileType = sourcecode.swift; path = ButtonNode.swift; sourceTree = "<group>"; };
		7E715F362BF4062C00E7EB99 /* Animations.swift */ = {isa = PBXFileReference; lastKnownFileType = sourcecode.swift; path = Animations.swift; sourceTree = "<group>"; };
		7E728C812C0A1DF5008384DF /* ScreenOverlay.swift */ = {isa = PBXFileReference; lastKnownFileType = sourcecode.swift; path = ScreenOverlay.swift; sourceTree = "<group>"; };
		7EECE10F2BFF40EB00F9E7F1 /* WebShoot.mp3 */ = {isa = PBXFileReference; lastKnownFileType = audio.mp3; path = WebShoot.mp3; sourceTree = "<group>"; };
		7EECE1102BFF40EB00F9E7F1 /* CrashSpin.mp3 */ = {isa = PBXFileReference; lastKnownFileType = audio.mp3; path = CrashSpin.mp3; sourceTree = "<group>"; };
		7EECE1112BFF40EB00F9E7F1 /* LevelSound.mp3 */ = {isa = PBXFileReference; lastKnownFileType = audio.mp3; path = LevelSound.mp3; sourceTree = "<group>"; };
		7EECE1122BFF40EB00F9E7F1 /* RollStone.wav */ = {isa = PBXFileReference; lastKnownFileType = audio.wav; path = RollStone.wav; sourceTree = "<group>"; };
		7EECE1132BFF40EB00F9E7F1 /* WalkingSound.mp3 */ = {isa = PBXFileReference; lastKnownFileType = audio.mp3; path = WalkingSound.mp3; sourceTree = "<group>"; };
		7EECE1142BFF40EB00F9E7F1 /* MainMenu.mp3 */ = {isa = PBXFileReference; lastKnownFileType = audio.mp3; path = MainMenu.mp3; sourceTree = "<group>"; };
		7EEFCA752BF91BF400B3CFBE /* MainMenu.swift */ = {isa = PBXFileReference; lastKnownFileType = sourcecode.swift; path = MainMenu.swift; sourceTree = "<group>"; };
		7EFA3FDC2BFC047200A87115 /* Info.plist */ = {isa = PBXFileReference; lastKnownFileType = text.plist; path = Info.plist; sourceTree = "<group>"; };
		7EFA3FDD2BFC058600A87115 /* CrashFont.ttf */ = {isa = PBXFileReference; lastKnownFileType = file; path = CrashFont.ttf; sourceTree = "<group>"; };
/* End PBXFileReference section */

/* Begin PBXFrameworksBuildPhase section */
		7E1B322F2BCED012004E2CF7 /* Frameworks */ = {
			isa = PBXFrameworksBuildPhase;
			buildActionMask = 2147483647;
			files = (
			);
			runOnlyForDeploymentPostprocessing = 0;
		};
		7E1B32482BCED016004E2CF7 /* Frameworks */ = {
			isa = PBXFrameworksBuildPhase;
			buildActionMask = 2147483647;
			files = (
			);
			runOnlyForDeploymentPostprocessing = 0;
		};
		7E1B32522BCED016004E2CF7 /* Frameworks */ = {
			isa = PBXFrameworksBuildPhase;
			buildActionMask = 2147483647;
			files = (
			);
			runOnlyForDeploymentPostprocessing = 0;
		};
/* End PBXFrameworksBuildPhase section */

/* Begin PBXGroup section */
		7E1B32292BCED012004E2CF7 = {
			isa = PBXGroup;
			children = (
				7E1B32342BCED012004E2CF7 /* Crash2DBandicoot */,
				7E1B324E2BCED016004E2CF7 /* Crash2DBandicootTests */,
				7E1B32582BCED016004E2CF7 /* Crash2DBandicootUITests */,
				7E1B32332BCED012004E2CF7 /* Products */,
			);
			sourceTree = "<group>";
		};
		7E1B32332BCED012004E2CF7 /* Products */ = {
			isa = PBXGroup;
			children = (
				7E1B32322BCED012004E2CF7 /* Crash2DBandicoot.app */,
				7E1B324B2BCED016004E2CF7 /* Crash2DBandicootTests.xctest */,
				7E1B32552BCED016004E2CF7 /* Crash2DBandicootUITests.xctest */,
			);
			name = Products;
			sourceTree = "<group>";
		};
		7E1B32342BCED012004E2CF7 /* Crash2DBandicoot */ = {
			isa = PBXGroup;
			children = (
				7EFA3FD92BFC02B900A87115 /* Font */,
				7EFA3FDC2BFC047200A87115 /* Info.plist */,
				7EFA3FD42BFBF93A00A87115 /* Sounds */,
				7E715F2F2BF2A4B900E7EB99 /* UI */,
				7E715F2E2BF2A49700E7EB99 /* Level */,
				7E4E04EB2BED71F500C4CC47 /* Enums */,
				7E4E04E52BED6C7300C4CC47 /* Levels */,
				7E4E04E02BEBD32D00C4CC47 /* Extensions */,
				7E4E04DD2BEBCE1600C4CC47 /* Colliders */,
				7E4E04D62BEA92C200C4CC47 /* Enemies */,
				7E1B32352BCED012004E2CF7 /* AppDelegate.swift */,
				7E1B32372BCED012004E2CF7 /* GameScene.sks */,
				7E1B32392BCED012004E2CF7 /* Actions.sks */,
				7E1B323B2BCED012004E2CF7 /* GameScene.swift */,
				7E1B323D2BCED012004E2CF7 /* GameViewController.swift */,
				7E1B323F2BCED012004E2CF7 /* Main.storyboard */,
				7E1B32422BCED015004E2CF7 /* Assets.xcassets */,
				7E1B32442BCED015004E2CF7 /* LaunchScreen.storyboard */,
				7E1B32682BD54D7F004E2CF7 /* CrashBandicoot.swift */,
				7E4E04D92BEBBAC600C4CC47 /* GameElement.swift */,
				7E4E04E32BED6AF600C4CC47 /* Utils.swift */,
				7EEFCA752BF91BF400B3CFBE /* MainMenu.swift */,
			);
			path = Crash2DBandicoot;
			sourceTree = "<group>";
		};
		7E1B324E2BCED016004E2CF7 /* Crash2DBandicootTests */ = {
			isa = PBXGroup;
			children = (
				7E1B324F2BCED016004E2CF7 /* Crash2DBandicootTests.swift */,
			);
			path = Crash2DBandicootTests;
			sourceTree = "<group>";
		};
		7E1B32582BCED016004E2CF7 /* Crash2DBandicootUITests */ = {
			isa = PBXGroup;
			children = (
				7E1B32592BCED016004E2CF7 /* Crash2DBandicootUITests.swift */,
				7E1B325B2BCED016004E2CF7 /* Crash2DBandicootUITestsLaunchTests.swift */,
			);
			path = Crash2DBandicootUITests;
			sourceTree = "<group>";
		};
		7E4E04D62BEA92C200C4CC47 /* Enemies */ = {
			isa = PBXGroup;
			children = (
				7E4E04D72BEA943700C4CC47 /* RollingStone.swift */,
				7E419CD62BF0FD3000C9D882 /* Spider.swift */,
			);
			path = Enemies;
			sourceTree = "<group>";
		};
		7E4E04DD2BEBCE1600C4CC47 /* Colliders */ = {
			isa = PBXGroup;
			children = (
			);
			path = Colliders;
			sourceTree = "<group>";
		};
		7E4E04E02BEBD32D00C4CC47 /* Extensions */ = {
			isa = PBXGroup;
			children = (
				7E4E04E12BEBD34600C4CC47 /* MyExtensions.swift */,
			);
			path = Extensions;
			sourceTree = "<group>";
		};
		7E4E04E52BED6C7300C4CC47 /* Levels */ = {
			isa = PBXGroup;
			children = (
				7E4E04E62BED6C9E00C4CC47 /* Level1.txt */,
				7E419CD42BF0281B00C9D882 /* Level2.txt */,
			);
			path = Levels;
			sourceTree = "<group>";
		};
		7E4E04EB2BED71F500C4CC47 /* Enums */ = {
			isa = PBXGroup;
			children = (
				7E4E04DB2BEBC93200C4CC47 /* BitMaskCategory.swift */,
				7E4E04EC2BED735900C4CC47 /* SceneElement.swift */,
				7E715F362BF4062C00E7EB99 /* Animations.swift */,
			);
			path = Enums;
			sourceTree = "<group>";
		};
		7E715F2E2BF2A49700E7EB99 /* Level */ = {
			isa = PBXGroup;
			children = (
				7E4E04EE2BEE65BC00C4CC47 /* Level2.swift */,
				7E4E04F22BEFB3FF00C4CC47 /* Level1.swift */,
				7E4E04F62BEFB68900C4CC47 /* LevelScene.swift */,
			);
			path = Level;
			sourceTree = "<group>";
		};
		7E715F2F2BF2A4B900E7EB99 /* UI */ = {
			isa = PBXGroup;
			children = (
				7E715F322BF2A4DE00E7EB99 /* ButtonNode.swift */,
				7E728C812C0A1DF5008384DF /* ScreenOverlay.swift */,
			);
			path = UI;
			sourceTree = "<group>";
		};
		7EFA3FD42BFBF93A00A87115 /* Sounds */ = {
			isa = PBXGroup;
			children = (
				7EECE1102BFF40EB00F9E7F1 /* CrashSpin.mp3 */,
				7EECE1112BFF40EB00F9E7F1 /* LevelSound.mp3 */,
				7EECE1142BFF40EB00F9E7F1 /* MainMenu.mp3 */,
				7EECE1122BFF40EB00F9E7F1 /* RollStone.wav */,
				7EECE1132BFF40EB00F9E7F1 /* WalkingSound.mp3 */,
				7EECE10F2BFF40EB00F9E7F1 /* WebShoot.mp3 */,
			);
			path = Sounds;
			sourceTree = "<group>";
		};
		7EFA3FD92BFC02B900A87115 /* Font */ = {
			isa = PBXGroup;
			children = (
				7EFA3FDD2BFC058600A87115 /* CrashFont.ttf */,
			);
			path = Font;
			sourceTree = "<group>";
		};
/* End PBXGroup section */

/* Begin PBXNativeTarget section */
		7E1B32312BCED012004E2CF7 /* Crash2DBandicoot */ = {
			isa = PBXNativeTarget;
			buildConfigurationList = 7E1B325F2BCED016004E2CF7 /* Build configuration list for PBXNativeTarget "Crash2DBandicoot" */;
			buildPhases = (
				7E1B322E2BCED012004E2CF7 /* Sources */,
				7E1B322F2BCED012004E2CF7 /* Frameworks */,
				7E1B32302BCED012004E2CF7 /* Resources */,
			);
			buildRules = (
			);
			dependencies = (
			);
			name = Crash2DBandicoot;
			productName = Crash2DBandicoot;
			productReference = 7E1B32322BCED012004E2CF7 /* Crash2DBandicoot.app */;
			productType = "com.apple.product-type.application";
		};
		7E1B324A2BCED016004E2CF7 /* Crash2DBandicootTests */ = {
			isa = PBXNativeTarget;
			buildConfigurationList = 7E1B32622BCED016004E2CF7 /* Build configuration list for PBXNativeTarget "Crash2DBandicootTests" */;
			buildPhases = (
				7E1B32472BCED016004E2CF7 /* Sources */,
				7E1B32482BCED016004E2CF7 /* Frameworks */,
				7E1B32492BCED016004E2CF7 /* Resources */,
			);
			buildRules = (
			);
			dependencies = (
				7E1B324D2BCED016004E2CF7 /* PBXTargetDependency */,
			);
			name = Crash2DBandicootTests;
			productName = Crash2DBandicootTests;
			productReference = 7E1B324B2BCED016004E2CF7 /* Crash2DBandicootTests.xctest */;
			productType = "com.apple.product-type.bundle.unit-test";
		};
		7E1B32542BCED016004E2CF7 /* Crash2DBandicootUITests */ = {
			isa = PBXNativeTarget;
			buildConfigurationList = 7E1B32652BCED016004E2CF7 /* Build configuration list for PBXNativeTarget "Crash2DBandicootUITests" */;
			buildPhases = (
				7E1B32512BCED016004E2CF7 /* Sources */,
				7E1B32522BCED016004E2CF7 /* Frameworks */,
				7E1B32532BCED016004E2CF7 /* Resources */,
			);
			buildRules = (
			);
			dependencies = (
				7E1B32572BCED016004E2CF7 /* PBXTargetDependency */,
			);
			name = Crash2DBandicootUITests;
			productName = Crash2DBandicootUITests;
			productReference = 7E1B32552BCED016004E2CF7 /* Crash2DBandicootUITests.xctest */;
			productType = "com.apple.product-type.bundle.ui-testing";
		};
/* End PBXNativeTarget section */

/* Begin PBXProject section */
		7E1B322A2BCED012004E2CF7 /* Project object */ = {
			isa = PBXProject;
			attributes = {
				BuildIndependentTargetsInParallel = 1;
				LastSwiftUpdateCheck = 1530;
				LastUpgradeCheck = 1530;
				TargetAttributes = {
					7E1B32312BCED012004E2CF7 = {
						CreatedOnToolsVersion = 15.3;
					};
					7E1B324A2BCED016004E2CF7 = {
						CreatedOnToolsVersion = 15.3;
						TestTargetID = 7E1B32312BCED012004E2CF7;
					};
					7E1B32542BCED016004E2CF7 = {
						CreatedOnToolsVersion = 15.3;
						TestTargetID = 7E1B32312BCED012004E2CF7;
					};
				};
			};
			buildConfigurationList = 7E1B322D2BCED012004E2CF7 /* Build configuration list for PBXProject "Crash2DBandicoot" */;
			compatibilityVersion = "Xcode 14.0";
			developmentRegion = en;
			hasScannedForEncodings = 0;
			knownRegions = (
				en,
				Base,
			);
			mainGroup = 7E1B32292BCED012004E2CF7;
			productRefGroup = 7E1B32332BCED012004E2CF7 /* Products */;
			projectDirPath = "";
			projectRoot = "";
			targets = (
				7E1B32312BCED012004E2CF7 /* Crash2DBandicoot */,
				7E1B324A2BCED016004E2CF7 /* Crash2DBandicootTests */,
				7E1B32542BCED016004E2CF7 /* Crash2DBandicootUITests */,
			);
		};
/* End PBXProject section */

/* Begin PBXResourcesBuildPhase section */
		7E1B32302BCED012004E2CF7 /* Resources */ = {
			isa = PBXResourcesBuildPhase;
			buildActionMask = 2147483647;
			files = (
				7E1B32382BCED012004E2CF7 /* GameScene.sks in Resources */,
				7E4E04E72BED6C9E00C4CC47 /* Level1.txt in Resources */,
				7EECE11A2BFF40EB00F9E7F1 /* MainMenu.mp3 in Resources */,
				7EECE1162BFF40EB00F9E7F1 /* CrashSpin.mp3 in Resources */,
				7E419CD52BF0281B00C9D882 /* Level2.txt in Resources */,
				7EECE1182BFF40EB00F9E7F1 /* RollStone.wav in Resources */,
				7E1B32412BCED012004E2CF7 /* Base in Resources */,
				7E1B32432BCED015004E2CF7 /* Assets.xcassets in Resources */,
				7EECE1152BFF40EB00F9E7F1 /* WebShoot.mp3 in Resources */,
				7EECE1192BFF40EB00F9E7F1 /* WalkingSound.mp3 in Resources */,
				7EECE1172BFF40EB00F9E7F1 /* LevelSound.mp3 in Resources */,
				7E1B323A2BCED012004E2CF7 /* Actions.sks in Resources */,
				7E1B32462BCED015004E2CF7 /* Base in Resources */,
			);
			runOnlyForDeploymentPostprocessing = 0;
		};
		7E1B32492BCED016004E2CF7 /* Resources */ = {
			isa = PBXResourcesBuildPhase;
			buildActionMask = 2147483647;
			files = (
			);
			runOnlyForDeploymentPostprocessing = 0;
		};
		7E1B32532BCED016004E2CF7 /* Resources */ = {
			isa = PBXResourcesBuildPhase;
			buildActionMask = 2147483647;
			files = (
			);
			runOnlyForDeploymentPostprocessing = 0;
		};
/* End PBXResourcesBuildPhase section */

/* Begin PBXSourcesBuildPhase section */
		7E1B322E2BCED012004E2CF7 /* Sources */ = {
			isa = PBXSourcesBuildPhase;
			buildActionMask = 2147483647;
			files = (
				7E4E04F32BEFB3FF00C4CC47 /* Level1.swift in Sources */,
				7E1B323C2BCED012004E2CF7 /* GameScene.swift in Sources */,
				7E1B323E2BCED012004E2CF7 /* GameViewController.swift in Sources */,
				7E4E04DA2BEBBAC600C4CC47 /* GameElement.swift in Sources */,
				7E4E04ED2BED735900C4CC47 /* SceneElement.swift in Sources */,
				7E4E04DC2BEBC93200C4CC47 /* BitMaskCategory.swift in Sources */,
				7EEFCA762BF91BF400B3CFBE /* MainMenu.swift in Sources */,
				7E1B32362BCED012004E2CF7 /* AppDelegate.swift in Sources */,
				7E4E04E42BED6AF700C4CC47 /* Utils.swift in Sources */,
				7E4E04F72BEFB68900C4CC47 /* LevelScene.swift in Sources */,
				7E4E04E22BEBD34600C4CC47 /* MyExtensions.swift in Sources */,
				7E4E04EF2BEE65BC00C4CC47 /* Level2.swift in Sources */,
				7E1B32692BD54D7F004E2CF7 /* CrashBandicoot.swift in Sources */,
				7E715F332BF2A4DE00E7EB99 /* ButtonNode.swift in Sources */,
				7E728C822C0A1DF5008384DF /* ScreenOverlay.swift in Sources */,
				7E419CD72BF0FD3000C9D882 /* Spider.swift in Sources */,
				7E4E04D82BEA943700C4CC47 /* RollingStone.swift in Sources */,
				7E715F372BF4062C00E7EB99 /* Animations.swift in Sources */,
			);
			runOnlyForDeploymentPostprocessing = 0;
		};
		7E1B32472BCED016004E2CF7 /* Sources */ = {
			isa = PBXSourcesBuildPhase;
			buildActionMask = 2147483647;
			files = (
				7E1B32502BCED016004E2CF7 /* Crash2DBandicootTests.swift in Sources */,
			);
			runOnlyForDeploymentPostprocessing = 0;
		};
		7E1B32512BCED016004E2CF7 /* Sources */ = {
			isa = PBXSourcesBuildPhase;
			buildActionMask = 2147483647;
			files = (
				7E1B325C2BCED016004E2CF7 /* Crash2DBandicootUITestsLaunchTests.swift in Sources */,
				7E1B325A2BCED016004E2CF7 /* Crash2DBandicootUITests.swift in Sources */,
			);
			runOnlyForDeploymentPostprocessing = 0;
		};
/* End PBXSourcesBuildPhase section */

/* Begin PBXTargetDependency section */
		7E1B324D2BCED016004E2CF7 /* PBXTargetDependency */ = {
			isa = PBXTargetDependency;
			target = 7E1B32312BCED012004E2CF7 /* Crash2DBandicoot */;
			targetProxy = 7E1B324C2BCED016004E2CF7 /* PBXContainerItemProxy */;
		};
		7E1B32572BCED016004E2CF7 /* PBXTargetDependency */ = {
			isa = PBXTargetDependency;
			target = 7E1B32312BCED012004E2CF7 /* Crash2DBandicoot */;
			targetProxy = 7E1B32562BCED016004E2CF7 /* PBXContainerItemProxy */;
		};
/* End PBXTargetDependency section */

/* Begin PBXVariantGroup section */
		7E1B323F2BCED012004E2CF7 /* Main.storyboard */ = {
			isa = PBXVariantGroup;
			children = (
				7E1B32402BCED012004E2CF7 /* Base */,
			);
			name = Main.storyboard;
			sourceTree = "<group>";
		};
		7E1B32442BCED015004E2CF7 /* LaunchScreen.storyboard */ = {
			isa = PBXVariantGroup;
			children = (
				7E1B32452BCED015004E2CF7 /* Base */,
			);
			name = LaunchScreen.storyboard;
			sourceTree = "<group>";
		};
/* End PBXVariantGroup section */

/* Begin XCBuildConfiguration section */
		7E1B325D2BCED016004E2CF7 /* Debug */ = {
			isa = XCBuildConfiguration;
			buildSettings = {
				ALWAYS_SEARCH_USER_PATHS = NO;
				ASSETCATALOG_COMPILER_GENERATE_SWIFT_ASSET_SYMBOL_EXTENSIONS = YES;
				CLANG_ANALYZER_NONNULL = YES;
				CLANG_ANALYZER_NUMBER_OBJECT_CONVERSION = YES_AGGRESSIVE;
				CLANG_CXX_LANGUAGE_STANDARD = "gnu++20";
				CLANG_ENABLE_MODULES = YES;
				CLANG_ENABLE_OBJC_ARC = YES;
				CLANG_ENABLE_OBJC_WEAK = YES;
				CLANG_WARN_BLOCK_CAPTURE_AUTORELEASING = YES;
				CLANG_WARN_BOOL_CONVERSION = YES;
				CLANG_WARN_COMMA = YES;
				CLANG_WARN_CONSTANT_CONVERSION = YES;
				CLANG_WARN_DEPRECATED_OBJC_IMPLEMENTATIONS = YES;
				CLANG_WARN_DIRECT_OBJC_ISA_USAGE = YES_ERROR;
				CLANG_WARN_DOCUMENTATION_COMMENTS = YES;
				CLANG_WARN_EMPTY_BODY = YES;
				CLANG_WARN_ENUM_CONVERSION = YES;
				CLANG_WARN_INFINITE_RECURSION = YES;
				CLANG_WARN_INT_CONVERSION = YES;
				CLANG_WARN_NON_LITERAL_NULL_CONVERSION = YES;
				CLANG_WARN_OBJC_IMPLICIT_RETAIN_SELF = YES;
				CLANG_WARN_OBJC_LITERAL_CONVERSION = YES;
				CLANG_WARN_OBJC_ROOT_CLASS = YES_ERROR;
				CLANG_WARN_QUOTED_INCLUDE_IN_FRAMEWORK_HEADER = YES;
				CLANG_WARN_RANGE_LOOP_ANALYSIS = YES;
				CLANG_WARN_STRICT_PROTOTYPES = YES;
				CLANG_WARN_SUSPICIOUS_MOVE = YES;
				CLANG_WARN_UNGUARDED_AVAILABILITY = YES_AGGRESSIVE;
				CLANG_WARN_UNREACHABLE_CODE = YES;
				CLANG_WARN__DUPLICATE_METHOD_MATCH = YES;
				COPY_PHASE_STRIP = NO;
				DEBUG_INFORMATION_FORMAT = dwarf;
				ENABLE_STRICT_OBJC_MSGSEND = YES;
				ENABLE_TESTABILITY = YES;
				ENABLE_USER_SCRIPT_SANDBOXING = YES;
				GCC_C_LANGUAGE_STANDARD = gnu17;
				GCC_DYNAMIC_NO_PIC = NO;
				GCC_NO_COMMON_BLOCKS = YES;
				GCC_OPTIMIZATION_LEVEL = 0;
				GCC_PREPROCESSOR_DEFINITIONS = (
					"DEBUG=1",
					"$(inherited)",
				);
				GCC_WARN_64_TO_32_BIT_CONVERSION = YES;
				GCC_WARN_ABOUT_RETURN_TYPE = YES_ERROR;
				GCC_WARN_UNDECLARED_SELECTOR = YES;
				GCC_WARN_UNINITIALIZED_AUTOS = YES_AGGRESSIVE;
				GCC_WARN_UNUSED_FUNCTION = YES;
				GCC_WARN_UNUSED_VARIABLE = YES;
				IPHONEOS_DEPLOYMENT_TARGET = 17.4;
				LOCALIZATION_PREFERS_STRING_CATALOGS = YES;
				MTL_ENABLE_DEBUG_INFO = INCLUDE_SOURCE;
				MTL_FAST_MATH = YES;
				ONLY_ACTIVE_ARCH = YES;
				SDKROOT = iphoneos;
				SWIFT_ACTIVE_COMPILATION_CONDITIONS = "DEBUG $(inherited)";
				SWIFT_OPTIMIZATION_LEVEL = "-Onone";
			};
			name = Debug;
		};
		7E1B325E2BCED016004E2CF7 /* Release */ = {
			isa = XCBuildConfiguration;
			buildSettings = {
				ALWAYS_SEARCH_USER_PATHS = NO;
				ASSETCATALOG_COMPILER_GENERATE_SWIFT_ASSET_SYMBOL_EXTENSIONS = YES;
				CLANG_ANALYZER_NONNULL = YES;
				CLANG_ANALYZER_NUMBER_OBJECT_CONVERSION = YES_AGGRESSIVE;
				CLANG_CXX_LANGUAGE_STANDARD = "gnu++20";
				CLANG_ENABLE_MODULES = YES;
				CLANG_ENABLE_OBJC_ARC = YES;
				CLANG_ENABLE_OBJC_WEAK = YES;
				CLANG_WARN_BLOCK_CAPTURE_AUTORELEASING = YES;
				CLANG_WARN_BOOL_CONVERSION = YES;
				CLANG_WARN_COMMA = YES;
				CLANG_WARN_CONSTANT_CONVERSION = YES;
				CLANG_WARN_DEPRECATED_OBJC_IMPLEMENTATIONS = YES;
				CLANG_WARN_DIRECT_OBJC_ISA_USAGE = YES_ERROR;
				CLANG_WARN_DOCUMENTATION_COMMENTS = YES;
				CLANG_WARN_EMPTY_BODY = YES;
				CLANG_WARN_ENUM_CONVERSION = YES;
				CLANG_WARN_INFINITE_RECURSION = YES;
				CLANG_WARN_INT_CONVERSION = YES;
				CLANG_WARN_NON_LITERAL_NULL_CONVERSION = YES;
				CLANG_WARN_OBJC_IMPLICIT_RETAIN_SELF = YES;
				CLANG_WARN_OBJC_LITERAL_CONVERSION = YES;
				CLANG_WARN_OBJC_ROOT_CLASS = YES_ERROR;
				CLANG_WARN_QUOTED_INCLUDE_IN_FRAMEWORK_HEADER = YES;
				CLANG_WARN_RANGE_LOOP_ANALYSIS = YES;
				CLANG_WARN_STRICT_PROTOTYPES = YES;
				CLANG_WARN_SUSPICIOUS_MOVE = YES;
				CLANG_WARN_UNGUARDED_AVAILABILITY = YES_AGGRESSIVE;
				CLANG_WARN_UNREACHABLE_CODE = YES;
				CLANG_WARN__DUPLICATE_METHOD_MATCH = YES;
				COPY_PHASE_STRIP = NO;
				DEBUG_INFORMATION_FORMAT = "dwarf-with-dsym";
				ENABLE_NS_ASSERTIONS = NO;
				ENABLE_STRICT_OBJC_MSGSEND = YES;
				ENABLE_USER_SCRIPT_SANDBOXING = YES;
				GCC_C_LANGUAGE_STANDARD = gnu17;
				GCC_NO_COMMON_BLOCKS = YES;
				GCC_WARN_64_TO_32_BIT_CONVERSION = YES;
				GCC_WARN_ABOUT_RETURN_TYPE = YES_ERROR;
				GCC_WARN_UNDECLARED_SELECTOR = YES;
				GCC_WARN_UNINITIALIZED_AUTOS = YES_AGGRESSIVE;
				GCC_WARN_UNUSED_FUNCTION = YES;
				GCC_WARN_UNUSED_VARIABLE = YES;
				IPHONEOS_DEPLOYMENT_TARGET = 17.4;
				LOCALIZATION_PREFERS_STRING_CATALOGS = YES;
				MTL_ENABLE_DEBUG_INFO = NO;
				MTL_FAST_MATH = YES;
				SDKROOT = iphoneos;
				SWIFT_COMPILATION_MODE = wholemodule;
				VALIDATE_PRODUCT = YES;
			};
			name = Release;
		};
		7E1B32602BCED016004E2CF7 /* Debug */ = {
			isa = XCBuildConfiguration;
			buildSettings = {
				ASSETCATALOG_COMPILER_APPICON_NAME = AppIcon;
				ASSETCATALOG_COMPILER_GLOBAL_ACCENT_COLOR_NAME = AccentColor;
				CODE_SIGN_STYLE = Automatic;
				CURRENT_PROJECT_VERSION = 1;
				GENERATE_INFOPLIST_FILE = YES;
				INFOPLIST_FILE = Crash2DBandicoot/Info.plist;
				INFOPLIST_KEY_LSApplicationCategoryType = "";
				INFOPLIST_KEY_UIApplicationSupportsIndirectInputEvents = YES;
				INFOPLIST_KEY_UILaunchStoryboardName = LaunchScreen;
				INFOPLIST_KEY_UIMainStoryboardFile = Main;
				INFOPLIST_KEY_UIStatusBarHidden = YES;
				INFOPLIST_KEY_UISupportedInterfaceOrientations_iPad = "UIInterfaceOrientationPortrait UIInterfaceOrientationPortraitUpsideDown UIInterfaceOrientationLandscapeLeft UIInterfaceOrientationLandscapeRight";
				INFOPLIST_KEY_UISupportedInterfaceOrientations_iPhone = "UIInterfaceOrientationPortrait UIInterfaceOrientationLandscapeLeft UIInterfaceOrientationLandscapeRight";
				LD_RUNPATH_SEARCH_PATHS = (
					"$(inherited)",
					"@executable_path/Frameworks",
				);
				MARKETING_VERSION = 1.0;
				PRODUCT_BUNDLE_IDENTIFIER = Me.Crash2DBandicoot;
				PRODUCT_NAME = "$(TARGET_NAME)";
				SWIFT_EMIT_LOC_STRINGS = YES;
				SWIFT_VERSION = 5.0;
				TARGETED_DEVICE_FAMILY = "1,2";
			};
			name = Debug;
		};
		7E1B32612BCED016004E2CF7 /* Release */ = {
			isa = XCBuildConfiguration;
			buildSettings = {
				ASSETCATALOG_COMPILER_APPICON_NAME = AppIcon;
				ASSETCATALOG_COMPILER_GLOBAL_ACCENT_COLOR_NAME = AccentColor;
				CODE_SIGN_STYLE = Automatic;
				CURRENT_PROJECT_VERSION = 1;
				GENERATE_INFOPLIST_FILE = YES;
				INFOPLIST_FILE = Crash2DBandicoot/Info.plist;
				INFOPLIST_KEY_LSApplicationCategoryType = "";
				INFOPLIST_KEY_UIApplicationSupportsIndirectInputEvents = YES;
				INFOPLIST_KEY_UILaunchStoryboardName = LaunchScreen;
				INFOPLIST_KEY_UIMainStoryboardFile = Main;
				INFOPLIST_KEY_UIStatusBarHidden = YES;
				INFOPLIST_KEY_UISupportedInterfaceOrientations_iPad = "UIInterfaceOrientationPortrait UIInterfaceOrientationPortraitUpsideDown UIInterfaceOrientationLandscapeLeft UIInterfaceOrientationLandscapeRight";
				INFOPLIST_KEY_UISupportedInterfaceOrientations_iPhone = "UIInterfaceOrientationPortrait UIInterfaceOrientationLandscapeLeft UIInterfaceOrientationLandscapeRight";
				LD_RUNPATH_SEARCH_PATHS = (
					"$(inherited)",
					"@executable_path/Frameworks",
				);
				MARKETING_VERSION = 1.0;
				PRODUCT_BUNDLE_IDENTIFIER = Me.Crash2DBandicoot;
				PRODUCT_NAME = "$(TARGET_NAME)";
				SWIFT_EMIT_LOC_STRINGS = YES;
				SWIFT_VERSION = 5.0;
				TARGETED_DEVICE_FAMILY = "1,2";
			};
			name = Release;
		};
		7E1B32632BCED016004E2CF7 /* Debug */ = {
			isa = XCBuildConfiguration;
			buildSettings = {
				ALWAYS_EMBED_SWIFT_STANDARD_LIBRARIES = YES;
				BUNDLE_LOADER = "$(TEST_HOST)";
				CODE_SIGN_STYLE = Automatic;
				CURRENT_PROJECT_VERSION = 1;
				GENERATE_INFOPLIST_FILE = YES;
				IPHONEOS_DEPLOYMENT_TARGET = 17.4;
				MARKETING_VERSION = 1.0;
				PRODUCT_BUNDLE_IDENTIFIER = Me.Crash2DBandicootTests;
				PRODUCT_NAME = "$(TARGET_NAME)";
				SWIFT_EMIT_LOC_STRINGS = NO;
				SWIFT_VERSION = 5.0;
				TARGETED_DEVICE_FAMILY = "1,2";
				TEST_HOST = "$(BUILT_PRODUCTS_DIR)/Crash2DBandicoot.app/$(BUNDLE_EXECUTABLE_FOLDER_PATH)/Crash2DBandicoot";
			};
			name = Debug;
		};
		7E1B32642BCED016004E2CF7 /* Release */ = {
			isa = XCBuildConfiguration;
			buildSettings = {
				ALWAYS_EMBED_SWIFT_STANDARD_LIBRARIES = YES;
				BUNDLE_LOADER = "$(TEST_HOST)";
				CODE_SIGN_STYLE = Automatic;
				CURRENT_PROJECT_VERSION = 1;
				GENERATE_INFOPLIST_FILE = YES;
				IPHONEOS_DEPLOYMENT_TARGET = 17.4;
				MARKETING_VERSION = 1.0;
				PRODUCT_BUNDLE_IDENTIFIER = Me.Crash2DBandicootTests;
				PRODUCT_NAME = "$(TARGET_NAME)";
				SWIFT_EMIT_LOC_STRINGS = NO;
				SWIFT_VERSION = 5.0;
				TARGETED_DEVICE_FAMILY = "1,2";
				TEST_HOST = "$(BUILT_PRODUCTS_DIR)/Crash2DBandicoot.app/$(BUNDLE_EXECUTABLE_FOLDER_PATH)/Crash2DBandicoot";
			};
			name = Release;
		};
		7E1B32662BCED016004E2CF7 /* Debug */ = {
			isa = XCBuildConfiguration;
			buildSettings = {
				ALWAYS_EMBED_SWIFT_STANDARD_LIBRARIES = YES;
				CODE_SIGN_STYLE = Automatic;
				CURRENT_PROJECT_VERSION = 1;
				GENERATE_INFOPLIST_FILE = YES;
				MARKETING_VERSION = 1.0;
				PRODUCT_BUNDLE_IDENTIFIER = Me.Crash2DBandicootUITests;
				PRODUCT_NAME = "$(TARGET_NAME)";
				SWIFT_EMIT_LOC_STRINGS = NO;
				SWIFT_VERSION = 5.0;
				TARGETED_DEVICE_FAMILY = "1,2";
				TEST_TARGET_NAME = Crash2DBandicoot;
			};
			name = Debug;
		};
		7E1B32672BCED016004E2CF7 /* Release */ = {
			isa = XCBuildConfiguration;
			buildSettings = {
				ALWAYS_EMBED_SWIFT_STANDARD_LIBRARIES = YES;
				CODE_SIGN_STYLE = Automatic;
				CURRENT_PROJECT_VERSION = 1;
				GENERATE_INFOPLIST_FILE = YES;
				MARKETING_VERSION = 1.0;
				PRODUCT_BUNDLE_IDENTIFIER = Me.Crash2DBandicootUITests;
				PRODUCT_NAME = "$(TARGET_NAME)";
				SWIFT_EMIT_LOC_STRINGS = NO;
				SWIFT_VERSION = 5.0;
				TARGETED_DEVICE_FAMILY = "1,2";
				TEST_TARGET_NAME = Crash2DBandicoot;
			};
			name = Release;
		};
/* End XCBuildConfiguration section */

/* Begin XCConfigurationList section */
		7E1B322D2BCED012004E2CF7 /* Build configuration list for PBXProject "Crash2DBandicoot" */ = {
			isa = XCConfigurationList;
			buildConfigurations = (
				7E1B325D2BCED016004E2CF7 /* Debug */,
				7E1B325E2BCED016004E2CF7 /* Release */,
			);
			defaultConfigurationIsVisible = 0;
			defaultConfigurationName = Release;
		};
		7E1B325F2BCED016004E2CF7 /* Build configuration list for PBXNativeTarget "Crash2DBandicoot" */ = {
			isa = XCConfigurationList;
			buildConfigurations = (
				7E1B32602BCED016004E2CF7 /* Debug */,
				7E1B32612BCED016004E2CF7 /* Release */,
			);
			defaultConfigurationIsVisible = 0;
			defaultConfigurationName = Release;
		};
		7E1B32622BCED016004E2CF7 /* Build configuration list for PBXNativeTarget "Crash2DBandicootTests" */ = {
			isa = XCConfigurationList;
			buildConfigurations = (
				7E1B32632BCED016004E2CF7 /* Debug */,
				7E1B32642BCED016004E2CF7 /* Release */,
			);
			defaultConfigurationIsVisible = 0;
			defaultConfigurationName = Release;
		};
		7E1B32652BCED016004E2CF7 /* Build configuration list for PBXNativeTarget "Crash2DBandicootUITests" */ = {
			isa = XCConfigurationList;
			buildConfigurations = (
				7E1B32662BCED016004E2CF7 /* Debug */,
				7E1B32672BCED016004E2CF7 /* Release */,
			);
			defaultConfigurationIsVisible = 0;
			defaultConfigurationName = Release;
		};
/* End XCConfigurationList section */
	};
	rootObject = 7E1B322A2BCED012004E2CF7 /* Project object */;
}
